# This file was autogenerated by Stack.
# You should not edit this file by hand.
# For more information, please see the documentation at:
#   https://docs.haskellstack.org/en/stable/lock_files

packages:
- completed:
    hackage: rss-3000.2.0.7@sha256:078e331017ae6f891d161f62ae9b12d17bc11d8ce7d3efb224ccdf78d782c196,1716
    pantry-tree:
      size: 151
      sha256: 4d752f12d2ae00b488915c7e6ede91440914647eda0ae6c03da2cf9893f29825
  original:
    hackage: rss-3000.2.0.7@sha256:078e331017ae6f891d161f62ae9b12d17bc11d8ce7d3efb224ccdf78d782c196,1716
- completed:
    hackage: HaXml-1.25.5@sha256:4f8534cda290b3d0a76b4ca5c4b9aa20902dcf029ddd50998d07c5dd608ad6f6,4420
    pantry-tree:
      size: 4076
      sha256: 9682020b148433c41f5efee327b66708875015df8d4b3d48f875ac21f8222e1b
  original:
    hackage: HaXml-1.25.5@sha256:4f8534cda290b3d0a76b4ca5c4b9aa20902dcf029ddd50998d07c5dd608ad6f6,4420
snapshots:
- completed:
    size: 524154
    url: https://raw.githubusercontent.com/commercialhaskell/stackage-snapshots/master/lts/14/20.yaml
    sha256: 2f5099f69ddb6abfe64400fe1e6a604e8e628f55e6837211cd70a81eb0a8fa4d
  original: lts-14.20
