# This file was autogenerated by Stack.
# You should not edit this file by hand.
# For more information, please see the documentation at:
#   https://docs.haskellstack.org/en/stable/lock_files

packages:
- completed:
    hackage: rss-3000.2.0.7@sha256:078e331017ae6f891d161f62ae9b12d17bc11d8ce7d3efb224ccdf78d782c196,1716
    pantry-tree:
      size: 151
      sha256: 4d752f12d2ae00b488915c7e6ede91440914647eda0ae6c03da2cf9893f29825
  original:
    hackage: rss-3000.2.0.7@sha256:078e331017ae6f891d161f62ae9b12d17bc11d8ce7d3efb224ccdf78d782c196,1716
snapshots:
- completed:
    size: 527414
    url: https://raw.githubusercontent.com/commercialhaskell/stackage-snapshots/master/lts/11/17.yaml
    sha256: 2a687b708201e99b547c4512163d5dd851972cbf36eb00242b7716254f4f7357
  original: lts-11.17
